
Microsoft Visual Studio Solution File, Format Version 12.00
# Visual Studio Version 17
VisualStudioVersion = 17.8.34525.116
MinimumVisualStudioVersion = 10.0.40219.1
Project("{2150E333-8FDC-42A3-9474-1A3956D46DE8}") = "FrontEnd", "FrontEnd", "{9946BB25-63A6-43B9-8B51-A224329BDAF4}"
EndProject
Project("{2150E333-8FDC-42A3-9474-1A3956D46DE8}") = "Services", "Services", "{2E23A650-91E0-4F4A-B34A-AE609AD89C36}"
EndProject
Project("{FAE04EC0-301F-11D3-BF4B-00C04F79EFBC}") = "GeekShopping.Web", "GeekShopping.Web\GeekShopping.Web.csproj", "{224A6B17-66FF-40FD-B945-859ECCFC2EEF}"
EndProject
Global
	GlobalSection(SolutionConfigurationPlatforms) = preSolution
		Debug|Any CPU = Debug|Any CPU
		Release|Any CPU = Release|Any CPU
	EndGlobalSection
	GlobalSection(ProjectConfigurationPlatforms) = postSolution
		{224A6B17-66FF-40FD-B945-859ECCFC2EEF}.Debug|Any CPU.ActiveCfg = Debug|Any CPU
		{224A6B17-66FF-40FD-B945-859ECCFC2EEF}.Debug|Any CPU.Build.0 = Debug|Any CPU
		{224A6B17-66FF-40FD-B945-859ECCFC2EEF}.Release|Any CPU.ActiveCfg = Release|Any CPU
		{224A6B17-66FF-40FD-B945-859ECCFC2EEF}.Release|Any CPU.Build.0 = Release|Any CPU
	EndGlobalSection
	GlobalSection(SolutionProperties) = preSolution
		HideSolutionNode = FALSE
	EndGlobalSection
	GlobalSection(NestedProjects) = preSolution
		{224A6B17-66FF-40FD-B945-859ECCFC2EEF} = {9946BB25-63A6-43B9-8B51-A224329BDAF4}
	EndGlobalSection
	GlobalSection(ExtensibilityGlobals) = postSolution
		SolutionGuid = {2968CE76-9355-4F10-A313-06D0EF8DA7EE}
	EndGlobalSection
EndGlobal
